
Microsoft Visual Studio Solution File, Format Version 12.00
# Visual Studio Version 16
VisualStudioVersion = 16.0.30114.105
MinimumVisualStudioVersion = 10.0.40219.1
Project("{FAE04EC0-301F-11D3-BF4B-00C04F79EFBC}") = "Speakcore.Web", "Speakcore.Web\Speakcore.Web.csproj", "{2E4698E4-2582-4CE4-9CBC-DD44C02A8F9F}"
EndProject
Project("{FAE04EC0-301F-11D3-BF4B-00C04F79EFBC}") = "Speakcore.Web.Tests", "Speakcore.Web.Tests\Speakcore.Web.Tests.csproj", "{60437075-46FE-4D23-97E6-D6C40649C227}"
EndProject
Global
	GlobalSection(SolutionConfigurationPlatforms) = preSolution
		Debug|Any CPU = Debug|Any CPU
		Release|Any CPU = Release|Any CPU
	EndGlobalSection
	GlobalSection(ProjectConfigurationPlatforms) = postSolution
		{2E4698E4-2582-4CE4-9CBC-DD44C02A8F9F}.Debug|Any CPU.ActiveCfg = Debug|Any CPU
		{2E4698E4-2582-4CE4-9CBC-DD44C02A8F9F}.Debug|Any CPU.Build.0 = Debug|Any CPU
		{2E4698E4-2582-4CE4-9CBC-DD44C02A8F9F}.Release|Any CPU.ActiveCfg = Release|Any CPU
		{2E4698E4-2582-4CE4-9CBC-DD44C02A8F9F}.Release|Any CPU.Build.0 = Release|Any CPU
		{60437075-46FE-4D23-97E6-D6C40649C227}.Debug|Any CPU.ActiveCfg = Debug|Any CPU
		{60437075-46FE-4D23-97E6-D6C40649C227}.Debug|Any CPU.Build.0 = Debug|Any CPU
		{60437075-46FE-4D23-97E6-D6C40649C227}.Release|Any CPU.ActiveCfg = Release|Any CPU
		{60437075-46FE-4D23-97E6-D6C40649C227}.Release|Any CPU.Build.0 = Release|Any CPU
	EndGlobalSection
	GlobalSection(SolutionProperties) = preSolution
		HideSolutionNode = FALSE
	EndGlobalSection
	GlobalSection(ExtensibilityGlobals) = postSolution
		SolutionGuid = {102DF1CB-BBA8-4C26-94A4-50147F084F44}
	EndGlobalSection
EndGlobal
